
Microsoft Visual Studio Solution File, Format Version 12.00
# Visual Studio Version 17
VisualStudioVersion = 17.13.35825.156
MinimumVisualStudioVersion = 10.0.40219.1
Project("{FAE04EC0-301F-11D3-BF4B-00C04F79EFBC}") = "MultuTread", "MultuTread\MultuTread.csproj", "{60CB9C6D-CC54-45EB-AACD-65B96BBFB524}"
EndProject
Project("{2150E333-8FDC-42A3-9474-1A3956D46DE8}") = "Элементы решения", "Элементы решения", "{754FC069-D67B-A9D7-50A1-8D1CA196D8F1}"
EndProject
Project("{FAE04EC0-301F-11D3-BF4B-00C04F79EFBC}") = "EFC1", "EFC1\EFC1.csproj", "{47842953-5461-A42D-7147-A719A5921A6B}"
EndProject
Project("{FAE04EC0-301F-11D3-BF4B-00C04F79EFBC}") = "Lab_2_2", "Lab_2_2\Lab_2_2.csproj", "{ABA2F2D5-57B1-4BAD-BBC8-FB8CD7728387}"
EndProject
Global
	GlobalSection(SolutionConfigurationPlatforms) = preSolution
		Debug|Any CPU = Debug|Any CPU
		Release|Any CPU = Release|Any CPU
	EndGlobalSection
	GlobalSection(ProjectConfigurationPlatforms) = postSolution
		{60CB9C6D-CC54-45EB-AACD-65B96BBFB524}.Debug|Any CPU.ActiveCfg = Debug|Any CPU
		{60CB9C6D-CC54-45EB-AACD-65B96BBFB524}.Debug|Any CPU.Build.0 = Debug|Any CPU
		{60CB9C6D-CC54-45EB-AACD-65B96BBFB524}.Release|Any CPU.ActiveCfg = Release|Any CPU
		{60CB9C6D-CC54-45EB-AACD-65B96BBFB524}.Release|Any CPU.Build.0 = Release|Any CPU
		{47842953-5461-A42D-7147-A719A5921A6B}.Debug|Any CPU.ActiveCfg = Debug|Any CPU
		{47842953-5461-A42D-7147-A719A5921A6B}.Debug|Any CPU.Build.0 = Debug|Any CPU
		{47842953-5461-A42D-7147-A719A5921A6B}.Release|Any CPU.ActiveCfg = Release|Any CPU
		{47842953-5461-A42D-7147-A719A5921A6B}.Release|Any CPU.Build.0 = Release|Any CPU
		{ABA2F2D5-57B1-4BAD-BBC8-FB8CD7728387}.Debug|Any CPU.ActiveCfg = Debug|Any CPU
		{ABA2F2D5-57B1-4BAD-BBC8-FB8CD7728387}.Debug|Any CPU.Build.0 = Debug|Any CPU
		{ABA2F2D5-57B1-4BAD-BBC8-FB8CD7728387}.Release|Any CPU.ActiveCfg = Release|Any CPU
		{ABA2F2D5-57B1-4BAD-BBC8-FB8CD7728387}.Release|Any CPU.Build.0 = Release|Any CPU
	EndGlobalSection
	GlobalSection(SolutionProperties) = preSolution
		HideSolutionNode = FALSE
	EndGlobalSection
	GlobalSection(ExtensibilityGlobals) = postSolution
		SolutionGuid = {5EA9893A-EE7B-4F20-B2DD-A2CF1B4644D0}
	EndGlobalSection
EndGlobal
