
Microsoft Visual Studio Solution File, Format Version 12.00
# Visual Studio Version 17
VisualStudioVersion = 17.13.35919.96 d17.13
MinimumVisualStudioVersion = 10.0.40219.1
Project("{FAE04EC0-301F-11D3-BF4B-00C04F79EFBC}") = "EntityFrameworkCore", "EntityFrameworkCore.csproj", "{EF395095-AA65-5C62-3EDC-95A6B5CF76D1}"
EndProject
Global
	GlobalSection(SolutionConfigurationPlatforms) = preSolution
		Debug|Any CPU = Debug|Any CPU
		Release|Any CPU = Release|Any CPU
	EndGlobalSection
	GlobalSection(ProjectConfigurationPlatforms) = postSolution
		{EF395095-AA65-5C62-3EDC-95A6B5CF76D1}.Debug|Any CPU.ActiveCfg = Debug|Any CPU
		{EF395095-AA65-5C62-3EDC-95A6B5CF76D1}.Debug|Any CPU.Build.0 = Debug|Any CPU
		{EF395095-AA65-5C62-3EDC-95A6B5CF76D1}.Release|Any CPU.ActiveCfg = Release|Any CPU
		{EF395095-AA65-5C62-3EDC-95A6B5CF76D1}.Release|Any CPU.Build.0 = Release|Any CPU
	EndGlobalSection
	GlobalSection(SolutionProperties) = preSolution
		HideSolutionNode = FALSE
	EndGlobalSection
	GlobalSection(ExtensibilityGlobals) = postSolution
		SolutionGuid = {E025BD32-F4E2-4D78-9BE4-D64F0710A2BC}
	EndGlobalSection
EndGlobal
